lockfileVersion: '6.0'

settings:
  autoInstallPeers: true
  excludeLinksFromLockfile: false

devDependencies:
  pnpm:
    specifier: 8.15.0
    version: 8.15.0
  rollup:
    specifier: ^4.10.0
    version: 4.10.0

packages:

  /@rollup/rollup-android-arm-eabi@4.10.0:
    resolution: {integrity: sha512-/MeDQmcD96nVoRumKUljsYOLqfv1YFJps+0pTrb2Z9Nl/w5qNUysMaWQsrd1mvAlNT4yza1iVyIu4Q4AgF6V3A==}
    cpu: [arm]
    os: [android]
    requiresBuild: true
    dev: true
    optional: true

  /@rollup/rollup-android-arm64@4.10.0:
    resolution: {integrity: sha512-lvu0jK97mZDJdpZKDnZI93I0Om8lSDaiPx3OiCk0RXn3E8CMPJNS/wxjAvSJJzhhZpfjXsjLWL8LnS6qET4VNQ==}
    cpu: [arm64]
    os: [android]
    requiresBuild: true
    dev: true
    optional: true

  /@rollup/rollup-darwin-arm64@4.10.0:
    resolution: {integrity: sha512-uFpayx8I8tyOvDkD7X6n0PriDRWxcqEjqgtlxnUA/G9oS93ur9aZ8c8BEpzFmsed1TH5WZNG5IONB8IiW90TQg==}
    cpu: [arm64]
    os: [darwin]
    requiresBuild: true
    dev: true
    optional: true

  /@rollup/rollup-darwin-x64@4.10.0:
    resolution: {integrity: sha512-nIdCX03qFKoR/MwQegQBK+qZoSpO3LESurVAC6s6jazLA1Mpmgzo3Nj3H1vydXp/JM29bkCiuF7tDuToj4+U9Q==}
    cpu: [x64]
    os: [darwin]
    requiresBuild: true
    dev: true
    optional: true

  /@rollup/rollup-linux-arm-gnueabihf@4.10.0:
    resolution: {integrity: sha512-Fz7a+y5sYhYZMQFRkOyCs4PLhICAnxRX/GnWYReaAoruUzuRtcf+Qnw+T0CoAWbHCuz2gBUwmWnUgQ67fb3FYw==}
    cpu: [arm]
    os: [linux]
    requiresBuild: true
    dev: true
    optional: true

  /@rollup/rollup-linux-arm64-gnu@4.10.0:
    resolution: {integrity: sha512-yPtF9jIix88orwfTi0lJiqINnlWo6p93MtZEoaehZnmCzEmLL0eqjA3eGVeyQhMtxdV+Mlsgfwhh0+M/k1/V7Q==}
    cpu: [arm64]
    os: [linux]
    requiresBuild: true
    dev: true
    optional: true

  /@rollup/rollup-linux-arm64-musl@4.10.0:
    resolution: {integrity: sha512-9GW9yA30ib+vfFiwjX+N7PnjTnCMiUffhWj4vkG4ukYv1kJ4T9gHNg8zw+ChsOccM27G9yXrEtMScf1LaCuoWQ==}
    cpu: [arm64]
    os: [linux]
    requiresBuild: true
    dev: true
    optional: true

  /@rollup/rollup-linux-riscv64-gnu@4.10.0:
    resolution: {integrity: sha512-X1ES+V4bMq2ws5fF4zHornxebNxMXye0ZZjUrzOrf7UMx1d6wMQtfcchZ8SqUnQPPHdOyOLW6fTcUiFgHFadRA==}
    cpu: [riscv64]
    os: [linux]
    requiresBuild: true
    dev: true
    optional: true

  /@rollup/rollup-linux-x64-gnu@4.10.0:
    resolution: {integrity: sha512-w/5OpT2EnI/Xvypw4FIhV34jmNqU5PZjZue2l2Y3ty1Ootm3SqhI+AmfhlUYGBTd9JnpneZCDnt3uNOiOBkMyw==}
    cpu: [x64]
    os: [linux]
    requiresBuild: true
    dev: true
    optional: true

  /@rollup/rollup-linux-x64-musl@4.10.0:
    resolution: {integrity: sha512-q/meftEe3QlwQiGYxD9rWwB21DoKQ9Q8wA40of/of6yGHhZuGfZO0c3WYkN9dNlopHlNT3mf5BPsUSxoPuVQaw==}
    cpu: [x64]
    os: [linux]
    requiresBuild: true
    dev: true
    optional: true

  /@rollup/rollup-win32-arm64-msvc@4.10.0:
    resolution: {integrity: sha512-NrR6667wlUfP0BHaEIKgYM/2va+Oj+RjZSASbBMnszM9k+1AmliRjHc3lJIiOehtSSjqYiO7R6KLNrWOX+YNSQ==}
    cpu: [arm64]
    os: [win32]
    requiresBuild: true
    dev: true
    optional: true

  /@rollup/rollup-win32-ia32-msvc@4.10.0:
    resolution: {integrity: sha512-FV0Tpt84LPYDduIDcXvEC7HKtyXxdvhdAOvOeWMWbQNulxViH2O07QXkT/FffX4FqEI02jEbCJbr+YcuKdyyMg==}
    cpu: [ia32]
    os: [win32]
    requiresBuild: true
    dev: true
    optional: true

  /@rollup/rollup-win32-x64-msvc@4.10.0:
    resolution: {integrity: sha512-OZoJd+o5TaTSQeFFQ6WjFCiltiYVjIdsXxwu/XZ8qRpsvMQr4UsVrE5UyT9RIvsnuF47DqkJKhhVZ2Q9YW9IpQ==}
    cpu: [x64]
    os: [win32]
    requiresBuild: true
    dev: true
    optional: true

  /@types/estree@1.0.5:
    resolution: {integrity: sha512-/kYRxGDLWzHOB7q+wtSUQlFrtcdUccpfy+X+9iMBpHK8QLLhx2wIPYuS5DYtR9Wa/YlZAbIovy7qVdB1Aq6Lyw==}
    dev: true

  /fsevents@2.3.3:
    resolution: {integrity: sha512-5xoDfX+fL7faATnagmWPpbFtwh/R77WmMMqqHGS65C3vvB0YHrgF+B1YmZ3441tMj5n63k0212XNoJwzlhffQw==}
    engines: {node: ^8.16.0 || ^10.6.0 || >=11.0.0}
    os: [darwin]
    requiresBuild: true
    dev: true
    optional: true

  /pnpm@8.15.0:
    resolution: {integrity: sha512-6kVRfVKF0SPqwCw3k1Bfof1tqQovxg0ejZ4MHpKSiG7Pr/UT8GK50cyAIbuGFQM7GsW+o7LuP8FlptcDS75rAw==}
    engines: {node: '>=16.14'}
    deprecated: This version switched to a hashing algorithm for side-effects cache keys that didn't solve the long string error it was supposed to fix. Upgrade to v8.15.1 or newer, which has the fix.
    hasBin: true
    dev: true

  /rollup@4.10.0:
    resolution: {integrity: sha512-t2v9G2AKxcQ8yrG+WGxctBes1AomT0M4ND7jTFBCVPXQ/WFTvNSefIrNSmLKhIKBrvN8SG+CZslimJcT3W2u2g==}
    engines: {node: '>=18.0.0', npm: '>=8.0.0'}
    hasBin: true
    dependencies:
      '@types/estree': 1.0.5
    optionalDependencies:
      '@rollup/rollup-android-arm-eabi': 4.10.0
      '@rollup/rollup-android-arm64': 4.10.0
      '@rollup/rollup-darwin-arm64': 4.10.0
      '@rollup/rollup-darwin-x64': 4.10.0
      '@rollup/rollup-linux-arm-gnueabihf': 4.10.0
      '@rollup/rollup-linux-arm64-gnu': 4.10.0
      '@rollup/rollup-linux-arm64-musl': 4.10.0
      '@rollup/rollup-linux-riscv64-gnu': 4.10.0
      '@rollup/rollup-linux-x64-gnu': 4.10.0
      '@rollup/rollup-linux-x64-musl': 4.10.0
      '@rollup/rollup-win32-arm64-msvc': 4.10.0
      '@rollup/rollup-win32-ia32-msvc': 4.10.0
      '@rollup/rollup-win32-x64-msvc': 4.10.0
      fsevents: 2.3.3
    dev: true
